
Microsoft Visual Studio Solution File, Format Version 12.00
# Visual Studio Version 17
VisualStudioVersion = 17.13.35919.96
MinimumVisualStudioVersion = 10.0.40219.1
Project("{FAE04EC0-301F-11D3-BF4B-00C04F79EFBC}") = "ShuttleRouteManager.Domain", "ShuttleRouteManager.Domain\ShuttleRouteManager.Domain.csproj", "{3EA56A82-C4BF-4668-AA8E-3039764B18D0}"
EndProject
Project("{FAE04EC0-301F-11D3-BF4B-00C04F79EFBC}") = "ShuttleRouteManager.Application", "ShuttleRouteManager.Application\ShuttleRouteManager.Application.csproj", "{62078708-C4D5-4574-81FB-5BF2BB97C56A}"
EndProject
Project("{FAE04EC0-301F-11D3-BF4B-00C04F79EFBC}") = "ShuttleRouteManager.Infrastructure", "ShuttleRouteManager.Infrastructure\ShuttleRouteManager.Infrastructure.csproj", "{CECC7B3E-4CE0-4ADC-9834-ED953111DC53}"
EndProject
Project("{FAE04EC0-301F-11D3-BF4B-00C04F79EFBC}") = "ShuttleRouteManager.API", "ShuttleRouteManager.API\ShuttleRouteManager.API.csproj", "{90CF31FE-7151-486D-AEAE-95C47177C54A}"
EndProject
Global
	GlobalSection(SolutionConfigurationPlatforms) = preSolution
		Debug|Any CPU = Debug|Any CPU
		Release|Any CPU = Release|Any CPU
	EndGlobalSection
	GlobalSection(ProjectConfigurationPlatforms) = postSolution
		{3EA56A82-C4BF-4668-AA8E-3039764B18D0}.Debug|Any CPU.ActiveCfg = Debug|Any CPU
		{3EA56A82-C4BF-4668-AA8E-3039764B18D0}.Debug|Any CPU.Build.0 = Debug|Any CPU
		{3EA56A82-C4BF-4668-AA8E-3039764B18D0}.Release|Any CPU.ActiveCfg = Release|Any CPU
		{3EA56A82-C4BF-4668-AA8E-3039764B18D0}.Release|Any CPU.Build.0 = Release|Any CPU
		{62078708-C4D5-4574-81FB-5BF2BB97C56A}.Debug|Any CPU.ActiveCfg = Debug|Any CPU
		{62078708-C4D5-4574-81FB-5BF2BB97C56A}.Debug|Any CPU.Build.0 = Debug|Any CPU
		{62078708-C4D5-4574-81FB-5BF2BB97C56A}.Release|Any CPU.ActiveCfg = Release|Any CPU
		{62078708-C4D5-4574-81FB-5BF2BB97C56A}.Release|Any CPU.Build.0 = Release|Any CPU
		{CECC7B3E-4CE0-4ADC-9834-ED953111DC53}.Debug|Any CPU.ActiveCfg = Debug|Any CPU
		{CECC7B3E-4CE0-4ADC-9834-ED953111DC53}.Debug|Any CPU.Build.0 = Debug|Any CPU
		{CECC7B3E-4CE0-4ADC-9834-ED953111DC53}.Release|Any CPU.ActiveCfg = Release|Any CPU
		{CECC7B3E-4CE0-4ADC-9834-ED953111DC53}.Release|Any CPU.Build.0 = Release|Any CPU
		{90CF31FE-7151-486D-AEAE-95C47177C54A}.Debug|Any CPU.ActiveCfg = Debug|Any CPU
		{90CF31FE-7151-486D-AEAE-95C47177C54A}.Debug|Any CPU.Build.0 = Debug|Any CPU
		{90CF31FE-7151-486D-AEAE-95C47177C54A}.Release|Any CPU.ActiveCfg = Release|Any CPU
		{90CF31FE-7151-486D-AEAE-95C47177C54A}.Release|Any CPU.Build.0 = Release|Any CPU
	EndGlobalSection
	GlobalSection(SolutionProperties) = preSolution
		HideSolutionNode = FALSE
	EndGlobalSection
	GlobalSection(ExtensibilityGlobals) = postSolution
		SolutionGuid = {35BC9FFE-DA7F-4351-B9B7-46099ABE1961}
	EndGlobalSection
EndGlobal
